
Microsoft Visual Studio Solution File, Format Version 12.00
# Visual Studio 15
VisualStudioVersion = 15.0.26730.16
MinimumVisualStudioVersion = 10.0.40219.1
Project("{9A19103F-16F7-4668-BE54-9A1E7A4F7556}") = "TDD.And.The.Terminator", "TDD.And.The.Terminator\TDD.And.The.Terminator.csproj", "{B584ECE9-9500-4F75-AE8A-1BC8E360973C}"
EndProject
Project("{FAE04EC0-301F-11D3-BF4B-00C04F79EFBC}") = "TDD.And.The.Terminator.Tests", "TDD.And.The.Terminator.Tests\TDD.And.The.Terminator.Tests.csproj", "{6FBC78DD-1EF8-460C-80BF-0019A8317745}"
EndProject
Global
	GlobalSection(SolutionConfigurationPlatforms) = preSolution
		Debug|Any CPU = Debug|Any CPU
		Release|Any CPU = Release|Any CPU
	EndGlobalSection
	GlobalSection(ProjectConfigurationPlatforms) = postSolution
		{B584ECE9-9500-4F75-AE8A-1BC8E360973C}.Debug|Any CPU.ActiveCfg = Debug|Any CPU
		{B584ECE9-9500-4F75-AE8A-1BC8E360973C}.Debug|Any CPU.Build.0 = Debug|Any CPU
		{B584ECE9-9500-4F75-AE8A-1BC8E360973C}.Release|Any CPU.ActiveCfg = Release|Any CPU
		{B584ECE9-9500-4F75-AE8A-1BC8E360973C}.Release|Any CPU.Build.0 = Release|Any CPU
		{6FBC78DD-1EF8-460C-80BF-0019A8317745}.Debug|Any CPU.ActiveCfg = Debug|Any CPU
		{6FBC78DD-1EF8-460C-80BF-0019A8317745}.Debug|Any CPU.Build.0 = Debug|Any CPU
		{6FBC78DD-1EF8-460C-80BF-0019A8317745}.Release|Any CPU.ActiveCfg = Release|Any CPU
		{6FBC78DD-1EF8-460C-80BF-0019A8317745}.Release|Any CPU.Build.0 = Release|Any CPU
	EndGlobalSection
	GlobalSection(SolutionProperties) = preSolution
		HideSolutionNode = FALSE
	EndGlobalSection
	GlobalSection(ExtensibilityGlobals) = postSolution
		SolutionGuid = {E77046D3-CBF5-44A3-82F1-A4D4D80FDD4B}
	EndGlobalSection
EndGlobal
